// !$*UTF8*$!
{
	archiveVersion = 1;
	classes = {
	};
	objectVersion = 52;
	objects = {

/* Begin PBXBuildFile section */
		258D879623B60F3E00C302A5 /* AppDelegate.swift in Sources */ = {isa = PBXBuildFile; fileRef = 258D879523B60F3E00C302A5 /* AppDelegate.swift */; };
		258D879823B60F3E00C302A5 /* SceneDelegate.swift in Sources */ = {isa = PBXBuildFile; fileRef = 258D879723B60F3E00C302A5 /* SceneDelegate.swift */; };
		258D879C23B60F4000C302A5 /* Assets.xcassets in Resources */ = {isa = PBXBuildFile; fileRef = 258D879B23B60F4000C302A5 /* Assets.xcassets */; };
		258D879F23B60F4000C302A5 /* Preview Assets.xcassets in Resources */ = {isa = PBXBuildFile; fileRef = 258D879E23B60F4000C302A5 /* Preview Assets.xcassets */; };
		258D87A223B60F4000C302A5 /* LaunchScreen.storyboard in Resources */ = {isa = PBXBuildFile; fileRef = 258D87A023B60F4000C302A5 /* LaunchScreen.storyboard */; };
		3A0FB9C023BB962D00B23CC1 /* Avatar.swift in Sources */ = {isa = PBXBuildFile; fileRef = 3A0FB9BF23BB962D00B23CC1 /* Avatar.swift */; };
		3A35CD6A23BB87FC00730BFE /* URLImage in Frameworks */ = {isa = PBXBuildFile; productRef = 3A35CD6923BB87FC00730BFE /* URLImage */; };
		58AAA4BB3F93FBBB9BBB937E /* StartView.swift in Sources */ = {isa = PBXBuildFile; fileRef = 58AAA621B9AFB81DCDE7D48D /* StartView.swift */; };
		58AAAD2E9341A235B47B5495 /* loginModel.swift in Sources */ = {isa = PBXBuildFile; fileRef = 58AAA0920290DF546F605830 /* loginModel.swift */; };
		CFB0B3735D1C421890018377 /* Pods_rtf.framework in Frameworks */ = {isa = PBXBuildFile; fileRef = 3D502F9EC28583F26B3F3E38 /* Pods_rtf.framework */; };
		EA9CF54D23B620E000C883F4 /* store.swift in Sources */ = {isa = PBXBuildFile; fileRef = EA9CF54C23B620E000C883F4 /* store.swift */; };
		EA9CF55223B6213800C883F4 /* usersRecent.effect.swift in Sources */ = {isa = PBXBuildFile; fileRef = EA9CF55123B6213800C883F4 /* usersRecent.effect.swift */; };
		EA9CF55423B621A100C883F4 /* usersRecent.actions.swift in Sources */ = {isa = PBXBuildFile; fileRef = EA9CF55323B621A100C883F4 /* usersRecent.actions.swift */; };
		EA9CF55623B6221300C883F4 /* usersRecent.reducer.swift in Sources */ = {isa = PBXBuildFile; fileRef = EA9CF55523B6221300C883F4 /* usersRecent.reducer.swift */; };
		EA9CF55823B6228400C883F4 /* users.actions.swift in Sources */ = {isa = PBXBuildFile; fileRef = EA9CF55723B6228400C883F4 /* users.actions.swift */; };
		EA9CF55A23B622B100C883F4 /* users.reducer.swift in Sources */ = {isa = PBXBuildFile; fileRef = EA9CF55923B622B100C883F4 /* users.reducer.swift */; };
		EA9CF55D23B6232600C883F4 /* Interceptor.swift in Sources */ = {isa = PBXBuildFile; fileRef = EA9CF55C23B6232600C883F4 /* Interceptor.swift */; };
		EA9CF55F23B6237400C883F4 /* boss.actions.swift in Sources */ = {isa = PBXBuildFile; fileRef = EA9CF55E23B6237400C883F4 /* boss.actions.swift */; };
		EA9CF56123B6239400C883F4 /* comparison.actions.swift in Sources */ = {isa = PBXBuildFile; fileRef = EA9CF56023B6239400C883F4 /* comparison.actions.swift */; };
		EA9CF56323B623AA00C883F4 /* feedbackProps.actions.swift in Sources */ = {isa = PBXBuildFile; fileRef = EA9CF56223B623AA00C883F4 /* feedbackProps.actions.swift */; };
		EA9CF56523B623C900C883F4 /* message.actions.swift in Sources */ = {isa = PBXBuildFile; fileRef = EA9CF56423B623C900C883F4 /* message.actions.swift */; };
		EA9CF56723B623E200C883F4 /* requestRating.actions.swift in Sources */ = {isa = PBXBuildFile; fileRef = EA9CF56623B623E200C883F4 /* requestRating.actions.swift */; };
		EA9CF56923B623FF00C883F4 /* statistics.actions.swift in Sources */ = {isa = PBXBuildFile; fileRef = EA9CF56823B623FF00C883F4 /* statistics.actions.swift */; };
		EA9CF56B23B6241B00C883F4 /* subordinates.actions.swift in Sources */ = {isa = PBXBuildFile; fileRef = EA9CF56A23B6241B00C883F4 /* subordinates.actions.swift */; };
		EA9CF56D23B6243C00C883F4 /* teamInfo.actions.swift in Sources */ = {isa = PBXBuildFile; fileRef = EA9CF56C23B6243C00C883F4 /* teamInfo.actions.swift */; };
		EA9CF56F23B6245300C883F4 /* thanks.actions.swift in Sources */ = {isa = PBXBuildFile; fileRef = EA9CF56E23B6245300C883F4 /* thanks.actions.swift */; };
		EA9CF57123B6247D00C883F4 /* usersAll.actions.swift in Sources */ = {isa = PBXBuildFile; fileRef = EA9CF57023B6247D00C883F4 /* usersAll.actions.swift */; };
		EA9CF57323B6249C00C883F4 /* usersFavourite.actions.swift in Sources */ = {isa = PBXBuildFile; fileRef = EA9CF57223B6249C00C883F4 /* usersFavourite.actions.swift */; };
		EA9CF57523B624B700C883F4 /* usersHistory.actions.swift in Sources */ = {isa = PBXBuildFile; fileRef = EA9CF57423B624B700C883F4 /* usersHistory.actions.swift */; };
		EA9CF57723B624D100C883F4 /* usersInbox.actions.swift in Sources */ = {isa = PBXBuildFile; fileRef = EA9CF57623B624D100C883F4 /* usersInbox.actions.swift */; };
		EA9CF57923B624FA00C883F4 /* usersRequest.actions.swift in Sources */ = {isa = PBXBuildFile; fileRef = EA9CF57823B624FA00C883F4 /* usersRequest.actions.swift */; };
		EA9CF57B23B6251400C883F4 /* usersTeam.actions.swift in Sources */ = {isa = PBXBuildFile; fileRef = EA9CF57A23B6251400C883F4 /* usersTeam.actions.swift */; };
		EA9CF57D23B6252E00C883F4 /* boss.reducer.swift in Sources */ = {isa = PBXBuildFile; fileRef = EA9CF57C23B6252E00C883F4 /* boss.reducer.swift */; };
		EA9CF57F23B6254C00C883F4 /* comparison.reducers.swift in Sources */ = {isa = PBXBuildFile; fileRef = EA9CF57E23B6254C00C883F4 /* comparison.reducers.swift */; };
		EA9CF58123B6256F00C883F4 /* feedbackProps.reducer.swift in Sources */ = {isa = PBXBuildFile; fileRef = EA9CF58023B6256F00C883F4 /* feedbackProps.reducer.swift */; };
		EA9CF58323B6258900C883F4 /* message.reducer.swift in Sources */ = {isa = PBXBuildFile; fileRef = EA9CF58223B6258900C883F4 /* message.reducer.swift */; };
		EA9CF58623B625B200C883F4 /* requestRating.reducer.swift in Sources */ = {isa = PBXBuildFile; fileRef = EA9CF58523B625B200C883F4 /* requestRating.reducer.swift */; };
		EA9CF58823B625CE00C883F4 /* statistics.reducer.swift in Sources */ = {isa = PBXBuildFile; fileRef = EA9CF58723B625CE00C883F4 /* statistics.reducer.swift */; };
		EA9CF58B23B625EF00C883F4 /* subordinates.reducer.swift in Sources */ = {isa = PBXBuildFile; fileRef = EA9CF58A23B625EF00C883F4 /* subordinates.reducer.swift */; };
		EA9CF58D23B6260900C883F4 /* teamInfo.reducer.swift in Sources */ = {isa = PBXBuildFile; fileRef = EA9CF58C23B6260900C883F4 /* teamInfo.reducer.swift */; };
		EA9CF58F23B6262300C883F4 /* thanks.reducer.swift in Sources */ = {isa = PBXBuildFile; fileRef = EA9CF58E23B6262300C883F4 /* thanks.reducer.swift */; };
		EA9CF59123B6265100C883F4 /* usersAll.reducer.swift in Sources */ = {isa = PBXBuildFile; fileRef = EA9CF59023B6265100C883F4 /* usersAll.reducer.swift */; };
		EA9CF59323B6266700C883F4 /* usersFavourite.reducer.swift in Sources */ = {isa = PBXBuildFile; fileRef = EA9CF59223B6266700C883F4 /* usersFavourite.reducer.swift */; };
		EA9CF59523B6268000C883F4 /* usersHistory.reducer.swift in Sources */ = {isa = PBXBuildFile; fileRef = EA9CF59423B6268000C883F4 /* usersHistory.reducer.swift */; };
		EA9CF59723B626A500C883F4 /* usersInbox.reducer.swift in Sources */ = {isa = PBXBuildFile; fileRef = EA9CF59623B626A500C883F4 /* usersInbox.reducer.swift */; };
		EA9CF59923B626C700C883F4 /* usersRequest.reducer.swift in Sources */ = {isa = PBXBuildFile; fileRef = EA9CF59823B626C700C883F4 /* usersRequest.reducer.swift */; };
		EA9CF59B23B626DD00C883F4 /* usersTeam.reducer.swift in Sources */ = {isa = PBXBuildFile; fileRef = EA9CF59A23B626DD00C883F4 /* usersTeam.reducer.swift */; };
		EA9CF59D23B62B0400C883F4 /* ObservableState.swift in Sources */ = {isa = PBXBuildFile; fileRef = EA9CF59C23B62B0400C883F4 /* ObservableState.swift */; };
/* End PBXBuildFile section */

/* Begin PBXFileReference section */
		18D696D12C601B25F1B48536 /* Pods-rtf.debug.xcconfig */ = {isa = PBXFileReference; includeInIndex = 1; lastKnownFileType = text.xcconfig; name = "Pods-rtf.debug.xcconfig"; path = "Pods/Target Support Files/Pods-rtf/Pods-rtf.debug.xcconfig"; sourceTree = "<group>"; };
		258D879223B60F3E00C302A5 /* rtf.app */ = {isa = PBXFileReference; explicitFileType = wrapper.application; includeInIndex = 0; path = rtf.app; sourceTree = BUILT_PRODUCTS_DIR; };
		258D879523B60F3E00C302A5 /* AppDelegate.swift */ = {isa = PBXFileReference; lastKnownFileType = sourcecode.swift; path = AppDelegate.swift; sourceTree = "<group>"; };
		258D879723B60F3E00C302A5 /* SceneDelegate.swift */ = {isa = PBXFileReference; lastKnownFileType = sourcecode.swift; path = SceneDelegate.swift; sourceTree = "<group>"; };
		258D879B23B60F4000C302A5 /* Assets.xcassets */ = {isa = PBXFileReference; lastKnownFileType = folder.assetcatalog; path = Assets.xcassets; sourceTree = "<group>"; };
		258D879E23B60F4000C302A5 /* Preview Assets.xcassets */ = {isa = PBXFileReference; lastKnownFileType = folder.assetcatalog; path = "Preview Assets.xcassets"; sourceTree = "<group>"; };
		258D87A123B60F4000C302A5 /* Base */ = {isa = PBXFileReference; lastKnownFileType = file.storyboard; name = Base; path = Base.lproj/LaunchScreen.storyboard; sourceTree = "<group>"; };
		258D87A323B60F4000C302A5 /* Info.plist */ = {isa = PBXFileReference; lastKnownFileType = text.plist.xml; path = Info.plist; sourceTree = "<group>"; };
		3A0FB9BF23BB962D00B23CC1 /* Avatar.swift */ = {isa = PBXFileReference; lastKnownFileType = sourcecode.swift; path = Avatar.swift; sourceTree = "<group>"; };
		3D502F9EC28583F26B3F3E38 /* Pods_rtf.framework */ = {isa = PBXFileReference; explicitFileType = wrapper.framework; includeInIndex = 0; path = Pods_rtf.framework; sourceTree = BUILT_PRODUCTS_DIR; };
		58AAA0920290DF546F605830 /* loginModel.swift */ = {isa = PBXFileReference; fileEncoding = 4; lastKnownFileType = sourcecode.swift; path = loginModel.swift; sourceTree = "<group>"; };
		58AAA621B9AFB81DCDE7D48D /* StartView.swift */ = {isa = PBXFileReference; fileEncoding = 4; lastKnownFileType = sourcecode.swift; path = StartView.swift; sourceTree = "<group>"; };
		D8D6AA8B6AA3501A5FBB164F /* Pods-rtf.release.xcconfig */ = {isa = PBXFileReference; includeInIndex = 1; lastKnownFileType = text.xcconfig; name = "Pods-rtf.release.xcconfig"; path = "Pods/Target Support Files/Pods-rtf/Pods-rtf.release.xcconfig"; sourceTree = "<group>"; };
		EA9CF54C23B620E000C883F4 /* store.swift */ = {isa = PBXFileReference; lastKnownFileType = sourcecode.swift; path = store.swift; sourceTree = "<group>"; };
		EA9CF55123B6213800C883F4 /* usersRecent.effect.swift */ = {isa = PBXFileReference; lastKnownFileType = sourcecode.swift; path = usersRecent.effect.swift; sourceTree = "<group>"; };
		EA9CF55323B621A100C883F4 /* usersRecent.actions.swift */ = {isa = PBXFileReference; lastKnownFileType = sourcecode.swift; path = usersRecent.actions.swift; sourceTree = "<group>"; };
		EA9CF55523B6221300C883F4 /* usersRecent.reducer.swift */ = {isa = PBXFileReference; lastKnownFileType = sourcecode.swift; path = usersRecent.reducer.swift; sourceTree = "<group>"; };
		EA9CF55723B6228400C883F4 /* users.actions.swift */ = {isa = PBXFileReference; lastKnownFileType = sourcecode.swift; path = users.actions.swift; sourceTree = "<group>"; };
		EA9CF55923B622B100C883F4 /* users.reducer.swift */ = {isa = PBXFileReference; lastKnownFileType = sourcecode.swift; path = users.reducer.swift; sourceTree = "<group>"; };
		EA9CF55C23B6232600C883F4 /* Interceptor.swift */ = {isa = PBXFileReference; lastKnownFileType = sourcecode.swift; path = Interceptor.swift; sourceTree = "<group>"; };
		EA9CF55E23B6237400C883F4 /* boss.actions.swift */ = {isa = PBXFileReference; lastKnownFileType = sourcecode.swift; path = boss.actions.swift; sourceTree = "<group>"; };
		EA9CF56023B6239400C883F4 /* comparison.actions.swift */ = {isa = PBXFileReference; lastKnownFileType = sourcecode.swift; path = comparison.actions.swift; sourceTree = "<group>"; };
		EA9CF56223B623AA00C883F4 /* feedbackProps.actions.swift */ = {isa = PBXFileReference; lastKnownFileType = sourcecode.swift; path = feedbackProps.actions.swift; sourceTree = "<group>"; };
		EA9CF56423B623C900C883F4 /* message.actions.swift */ = {isa = PBXFileReference; lastKnownFileType = sourcecode.swift; path = message.actions.swift; sourceTree = "<group>"; };
		EA9CF56623B623E200C883F4 /* requestRating.actions.swift */ = {isa = PBXFileReference; lastKnownFileType = sourcecode.swift; path = requestRating.actions.swift; sourceTree = "<group>"; };
		EA9CF56823B623FF00C883F4 /* statistics.actions.swift */ = {isa = PBXFileReference; lastKnownFileType = sourcecode.swift; path = statistics.actions.swift; sourceTree = "<group>"; };
		EA9CF56A23B6241B00C883F4 /* subordinates.actions.swift */ = {isa = PBXFileReference; lastKnownFileType = sourcecode.swift; path = subordinates.actions.swift; sourceTree = "<group>"; };
		EA9CF56C23B6243C00C883F4 /* teamInfo.actions.swift */ = {isa = PBXFileReference; lastKnownFileType = sourcecode.swift; path = teamInfo.actions.swift; sourceTree = "<group>"; };
		EA9CF56E23B6245300C883F4 /* thanks.actions.swift */ = {isa = PBXFileReference; lastKnownFileType = sourcecode.swift; path = thanks.actions.swift; sourceTree = "<group>"; };
		EA9CF57023B6247D00C883F4 /* usersAll.actions.swift */ = {isa = PBXFileReference; lastKnownFileType = sourcecode.swift; path = usersAll.actions.swift; sourceTree = "<group>"; };
		EA9CF57223B6249C00C883F4 /* usersFavourite.actions.swift */ = {isa = PBXFileReference; lastKnownFileType = sourcecode.swift; path = usersFavourite.actions.swift; sourceTree = "<group>"; };
		EA9CF57423B624B700C883F4 /* usersHistory.actions.swift */ = {isa = PBXFileReference; lastKnownFileType = sourcecode.swift; path = usersHistory.actions.swift; sourceTree = "<group>"; };
		EA9CF57623B624D100C883F4 /* usersInbox.actions.swift */ = {isa = PBXFileReference; lastKnownFileType = sourcecode.swift; path = usersInbox.actions.swift; sourceTree = "<group>"; };
		EA9CF57823B624FA00C883F4 /* usersRequest.actions.swift */ = {isa = PBXFileReference; lastKnownFileType = sourcecode.swift; path = usersRequest.actions.swift; sourceTree = "<group>"; };
		EA9CF57A23B6251400C883F4 /* usersTeam.actions.swift */ = {isa = PBXFileReference; lastKnownFileType = sourcecode.swift; path = usersTeam.actions.swift; sourceTree = "<group>"; };
		EA9CF57C23B6252E00C883F4 /* boss.reducer.swift */ = {isa = PBXFileReference; lastKnownFileType = sourcecode.swift; path = boss.reducer.swift; sourceTree = "<group>"; };
		EA9CF57E23B6254C00C883F4 /* comparison.reducers.swift */ = {isa = PBXFileReference; lastKnownFileType = sourcecode.swift; path = comparison.reducers.swift; sourceTree = "<group>"; };
		EA9CF58023B6256F00C883F4 /* feedbackProps.reducer.swift */ = {isa = PBXFileReference; lastKnownFileType = sourcecode.swift; path = feedbackProps.reducer.swift; sourceTree = "<group>"; };
		EA9CF58223B6258900C883F4 /* message.reducer.swift */ = {isa = PBXFileReference; lastKnownFileType = sourcecode.swift; path = message.reducer.swift; sourceTree = "<group>"; };
		EA9CF58523B625B200C883F4 /* requestRating.reducer.swift */ = {isa = PBXFileReference; lastKnownFileType = sourcecode.swift; path = requestRating.reducer.swift; sourceTree = "<group>"; };
		EA9CF58723B625CE00C883F4 /* statistics.reducer.swift */ = {isa = PBXFileReference; lastKnownFileType = sourcecode.swift; path = statistics.reducer.swift; sourceTree = "<group>"; };
		EA9CF58A23B625EF00C883F4 /* subordinates.reducer.swift */ = {isa = PBXFileReference; lastKnownFileType = sourcecode.swift; path = subordinates.reducer.swift; sourceTree = "<group>"; };
		EA9CF58C23B6260900C883F4 /* teamInfo.reducer.swift */ = {isa = PBXFileReference; lastKnownFileType = sourcecode.swift; path = teamInfo.reducer.swift; sourceTree = "<group>"; };
		EA9CF58E23B6262300C883F4 /* thanks.reducer.swift */ = {isa = PBXFileReference; lastKnownFileType = sourcecode.swift; path = thanks.reducer.swift; sourceTree = "<group>"; };
		EA9CF59023B6265100C883F4 /* usersAll.reducer.swift */ = {isa = PBXFileReference; lastKnownFileType = sourcecode.swift; path = usersAll.reducer.swift; sourceTree = "<group>"; };
		EA9CF59223B6266700C883F4 /* usersFavourite.reducer.swift */ = {isa = PBXFileReference; lastKnownFileType = sourcecode.swift; path = usersFavourite.reducer.swift; sourceTree = "<group>"; };
		EA9CF59423B6268000C883F4 /* usersHistory.reducer.swift */ = {isa = PBXFileReference; lastKnownFileType = sourcecode.swift; path = usersHistory.reducer.swift; sourceTree = "<group>"; };
		EA9CF59623B626A500C883F4 /* usersInbox.reducer.swift */ = {isa = PBXFileReference; lastKnownFileType = sourcecode.swift; path = usersInbox.reducer.swift; sourceTree = "<group>"; };
		EA9CF59823B626C700C883F4 /* usersRequest.reducer.swift */ = {isa = PBXFileReference; lastKnownFileType = sourcecode.swift; path = usersRequest.reducer.swift; sourceTree = "<group>"; };
		EA9CF59A23B626DD00C883F4 /* usersTeam.reducer.swift */ = {isa = PBXFileReference; lastKnownFileType = sourcecode.swift; path = usersTeam.reducer.swift; sourceTree = "<group>"; };
		EA9CF59C23B62B0400C883F4 /* ObservableState.swift */ = {isa = PBXFileReference; lastKnownFileType = sourcecode.swift; path = ObservableState.swift; sourceTree = "<group>"; };
/* End PBXFileReference section */

/* Begin PBXFrameworksBuildPhase section */
		258D878F23B60F3E00C302A5 /* Frameworks */ = {
			isa = PBXFrameworksBuildPhase;
			buildActionMask = 2147483647;
			files = (
				3A35CD6A23BB87FC00730BFE /* URLImage in Frameworks */,
				CFB0B3735D1C421890018377 /* Pods_rtf.framework in Frameworks */,
			);
			runOnlyForDeploymentPostprocessing = 0;
		};
/* End PBXFrameworksBuildPhase section */

/* Begin PBXGroup section */
		258D878923B60F3E00C302A5 = {
			isa = PBXGroup;
			children = (
				258D879423B60F3E00C302A5 /* rtf */,
				258D879323B60F3E00C302A5 /* Products */,
				5DF8D2586455473485D2B7D7 /* Pods */,
				AE9F097C1832AD1AEA14ED9F /* Frameworks */,
			);
			sourceTree = "<group>";
		};
		258D879323B60F3E00C302A5 /* Products */ = {
			isa = PBXGroup;
			children = (
				258D879223B60F3E00C302A5 /* rtf.app */,
			);
			name = Products;
			sourceTree = "<group>";
		};
		258D879423B60F3E00C302A5 /* rtf */ = {
			isa = PBXGroup;
			children = (
				3A35CD6323BB81C300730BFE /* _components */,
				EA9CF55B23B6230B00C883F4 /* _api */,
				EA9CF54B23B620B900C883F4 /* _store */,
				258D879523B60F3E00C302A5 /* AppDelegate.swift */,
				258D879723B60F3E00C302A5 /* SceneDelegate.swift */,
				258D879B23B60F4000C302A5 /* Assets.xcassets */,
				258D87A023B60F4000C302A5 /* LaunchScreen.storyboard */,
				258D87A323B60F4000C302A5 /* Info.plist */,
				258D879D23B60F4000C302A5 /* Preview Content */,
				58AAA23BA61CAD223F6688CB /* _ViewModels */,
				58AAAC491540D7E7610CB317 /* _View */,
			);
			path = rtf;
			sourceTree = "<group>";
		};
		258D879D23B60F4000C302A5 /* Preview Content */ = {
			isa = PBXGroup;
			children = (
				258D879E23B60F4000C302A5 /* Preview Assets.xcassets */,
			);
			path = "Preview Content";
			sourceTree = "<group>";
		};
		3A35CD6323BB81C300730BFE /* _components */ = {
			isa = PBXGroup;
			children = (
				3A35CD6423BB81CF00730BFE /* atoms */,
				3A35CD6523BB81DE00730BFE /* molecules */,
			);
			path = _components;
			sourceTree = "<group>";
		};
		3A35CD6423BB81CF00730BFE /* atoms */ = {
			isa = PBXGroup;
			children = (
				3A0FB9BF23BB962D00B23CC1 /* Avatar.swift */,
			);
			path = atoms;
			sourceTree = "<group>";
		};
		3A35CD6523BB81DE00730BFE /* molecules */ = {
			isa = PBXGroup;
			children = (
			);
			path = molecules;
			sourceTree = "<group>";
		};
		58AAA23BA61CAD223F6688CB /* _ViewModels */ = {
			isa = PBXGroup;
			children = (
				58AAA0920290DF546F605830 /* loginModel.swift */,
			);
			path = _ViewModels;
			sourceTree = "<group>";
		};
		58AAAC491540D7E7610CB317 /* _View */ = {
			isa = PBXGroup;
			children = (
				58AAA621B9AFB81DCDE7D48D /* StartView.swift */,
			);
			path = _View;
			sourceTree = "<group>";
		};
		5DF8D2586455473485D2B7D7 /* Pods */ = {
			isa = PBXGroup;
			children = (
				18D696D12C601B25F1B48536 /* Pods-rtf.debug.xcconfig */,
				D8D6AA8B6AA3501A5FBB164F /* Pods-rtf.release.xcconfig */,
			);
			name = Pods;
			sourceTree = "<group>";
		};
		AE9F097C1832AD1AEA14ED9F /* Frameworks */ = {
			isa = PBXGroup;
			children = (
				3D502F9EC28583F26B3F3E38 /* Pods_rtf.framework */,
			);
			name = Frameworks;
			sourceTree = "<group>";
		};
		EA9CF54B23B620B900C883F4 /* _store */ = {
			isa = PBXGroup;
			children = (
				EA9CF55023B6211300C883F4 /* effects */,
				EA9CF54F23B6210E00C883F4 /* actions */,
				EA9CF54E23B6210800C883F4 /* reducers */,
				EA9CF54C23B620E000C883F4 /* store.swift */,
				EA9CF59C23B62B0400C883F4 /* ObservableState.swift */,
			);
			path = _store;
			sourceTree = "<group>";
		};
		EA9CF54E23B6210800C883F4 /* reducers */ = {
			isa = PBXGroup;
			children = (
				EA9CF55523B6221300C883F4 /* usersRecent.reducer.swift */,
				EA9CF55923B622B100C883F4 /* users.reducer.swift */,
				EA9CF57C23B6252E00C883F4 /* boss.reducer.swift */,
				EA9CF57E23B6254C00C883F4 /* comparison.reducers.swift */,
				EA9CF58023B6256F00C883F4 /* feedbackProps.reducer.swift */,
				EA9CF58223B6258900C883F4 /* message.reducer.swift */,
				EA9CF58523B625B200C883F4 /* requestRating.reducer.swift */,
				EA9CF58723B625CE00C883F4 /* statistics.reducer.swift */,
				EA9CF58A23B625EF00C883F4 /* subordinates.reducer.swift */,
				EA9CF58C23B6260900C883F4 /* teamInfo.reducer.swift */,
				EA9CF58E23B6262300C883F4 /* thanks.reducer.swift */,
				EA9CF59023B6265100C883F4 /* usersAll.reducer.swift */,
				EA9CF59223B6266700C883F4 /* usersFavourite.reducer.swift */,
				EA9CF59423B6268000C883F4 /* usersHistory.reducer.swift */,
				EA9CF59623B626A500C883F4 /* usersInbox.reducer.swift */,
				EA9CF59823B626C700C883F4 /* usersRequest.reducer.swift */,
				EA9CF59A23B626DD00C883F4 /* usersTeam.reducer.swift */,
			);
			path = reducers;
			sourceTree = "<group>";
		};
		EA9CF54F23B6210E00C883F4 /* actions */ = {
			isa = PBXGroup;
			children = (
				EA9CF55323B621A100C883F4 /* usersRecent.actions.swift */,
				EA9CF55723B6228400C883F4 /* users.actions.swift */,
				EA9CF55E23B6237400C883F4 /* boss.actions.swift */,
				EA9CF56023B6239400C883F4 /* comparison.actions.swift */,
				EA9CF56223B623AA00C883F4 /* feedbackProps.actions.swift */,
				EA9CF56423B623C900C883F4 /* message.actions.swift */,
				EA9CF56623B623E200C883F4 /* requestRating.actions.swift */,
				EA9CF56823B623FF00C883F4 /* statistics.actions.swift */,
				EA9CF56A23B6241B00C883F4 /* subordinates.actions.swift */,
				EA9CF56C23B6243C00C883F4 /* teamInfo.actions.swift */,
				EA9CF56E23B6245300C883F4 /* thanks.actions.swift */,
				EA9CF57023B6247D00C883F4 /* usersAll.actions.swift */,
				EA9CF57223B6249C00C883F4 /* usersFavourite.actions.swift */,
				EA9CF57423B624B700C883F4 /* usersHistory.actions.swift */,
				EA9CF57623B624D100C883F4 /* usersInbox.actions.swift */,
				EA9CF57823B624FA00C883F4 /* usersRequest.actions.swift */,
				EA9CF57A23B6251400C883F4 /* usersTeam.actions.swift */,
			);
			path = actions;
			sourceTree = "<group>";
		};
		EA9CF55023B6211300C883F4 /* effects */ = {
			isa = PBXGroup;
			children = (
				EA9CF55123B6213800C883F4 /* usersRecent.effect.swift */,
			);
			path = effects;
			sourceTree = "<group>";
		};
		EA9CF55B23B6230B00C883F4 /* _api */ = {
			isa = PBXGroup;
			children = (
				EA9CF55C23B6232600C883F4 /* Interceptor.swift */,
			);
			path = _api;
			sourceTree = "<group>";
		};
/* End PBXGroup section */

/* Begin PBXNativeTarget section */
		258D879123B60F3E00C302A5 /* rtf */ = {
			isa = PBXNativeTarget;
			buildConfigurationList = 258D87A623B60F4000C302A5 /* Build configuration list for PBXNativeTarget "rtf" */;
			buildPhases = (
				BF0F0FF0D507FB5634E023F4 /* [CP] Check Pods Manifest.lock */,
				258D878E23B60F3E00C302A5 /* Sources */,
				258D878F23B60F3E00C302A5 /* Frameworks */,
				258D879023B60F3E00C302A5 /* Resources */,
				B9D8BF61D7B6F80D205C27EB /* [CP] Embed Pods Frameworks */,
			);
			buildRules = (
			);
			dependencies = (
			);
			name = rtf;
			packageProductDependencies = (
				3A35CD6923BB87FC00730BFE /* URLImage */,
			);
			productName = rtf;
			productReference = 258D879223B60F3E00C302A5 /* rtf.app */;
			productType = "com.apple.product-type.application";
		};
/* End PBXNativeTarget section */

/* Begin PBXProject section */
		258D878A23B60F3E00C302A5 /* Project object */ = {
			isa = PBXProject;
			attributes = {
				LastSwiftUpdateCheck = 1130;
				LastUpgradeCheck = 1130;
				ORGANIZATIONNAME = "Anton Kokorev";
				TargetAttributes = {
					258D879123B60F3E00C302A5 = {
						CreatedOnToolsVersion = 11.3;
					};
				};
			};
			buildConfigurationList = 258D878D23B60F3E00C302A5 /* Build configuration list for PBXProject "rtf" */;
			compatibilityVersion = "Xcode 9.3";
			developmentRegion = en;
			hasScannedForEncodings = 0;
			knownRegions = (
				en,
				Base,
			);
			mainGroup = 258D878923B60F3E00C302A5;
			packageReferences = (
				3A35CD6823BB87FC00730BFE /* XCRemoteSwiftPackageReference "url-image" */,
			);
			productRefGroup = 258D879323B60F3E00C302A5 /* Products */;
			projectDirPath = "";
			projectRoot = "";
			targets = (
				258D879123B60F3E00C302A5 /* rtf */,
			);
		};
/* End PBXProject section */

/* Begin PBXResourcesBuildPhase section */
		258D879023B60F3E00C302A5 /* Resources */ = {
			isa = PBXResourcesBuildPhase;
			buildActionMask = 2147483647;
			files = (
				258D87A223B60F4000C302A5 /* LaunchScreen.storyboard in Resources */,
				258D879F23B60F4000C302A5 /* Preview Assets.xcassets in Resources */,
				258D879C23B60F4000C302A5 /* Assets.xcassets in Resources */,
			);
			runOnlyForDeploymentPostprocessing = 0;
		};
/* End PBXResourcesBuildPhase section */

/* Begin PBXShellScriptBuildPhase section */
		B9D8BF61D7B6F80D205C27EB /* [CP] Embed Pods Frameworks */ = {
			isa = PBXShellScriptBuildPhase;
			buildActionMask = 2147483647;
			files = (
			);
			inputPaths = (
				"${SRCROOT}/Pods/Target Support Files/Pods-rtf/Pods-rtf-frameworks.sh",
				"${BUILT_PRODUCTS_DIR}/Alamofire/Alamofire.framework",
				"${BUILT_PRODUCTS_DIR}/ReSwift/ReSwift.framework",
				"${BUILT_PRODUCTS_DIR}/RxCombine/RxCombine.framework",
				"${BUILT_PRODUCTS_DIR}/RxRelay/RxRelay.framework",
				"${BUILT_PRODUCTS_DIR}/RxSwift/RxSwift.framework",
				"${BUILT_PRODUCTS_DIR}/SwiftyJSON/SwiftyJSON.framework",
			);
			name = "[CP] Embed Pods Frameworks";
			outputPaths = (
				"${TARGET_BUILD_DIR}/${FRAMEWORKS_FOLDER_PATH}/Alamofire.framework",
				"${TARGET_BUILD_DIR}/${FRAMEWORKS_FOLDER_PATH}/ReSwift.framework",
				"${TARGET_BUILD_DIR}/${FRAMEWORKS_FOLDER_PATH}/RxCombine.framework",
				"${TARGET_BUILD_DIR}/${FRAMEWORKS_FOLDER_PATH}/RxRelay.framework",
				"${TARGET_BUILD_DIR}/${FRAMEWORKS_FOLDER_PATH}/RxSwift.framework",
				"${TARGET_BUILD_DIR}/${FRAMEWORKS_FOLDER_PATH}/SwiftyJSON.framework",
			);
			runOnlyForDeploymentPostprocessing = 0;
			shellPath = /bin/sh;
			shellScript = "\"${SRCROOT}/Pods/Target Support Files/Pods-rtf/Pods-rtf-frameworks.sh\"\n";
			showEnvVarsInLog = 0;
		};
		BF0F0FF0D507FB5634E023F4 /* [CP] Check Pods Manifest.lock */ = {
			isa = PBXShellScriptBuildPhase;
			buildActionMask = 2147483647;
			files = (
			);
			inputPaths = (
				"${PODS_PODFILE_DIR_PATH}/Podfile.lock",
				"${PODS_ROOT}/Manifest.lock",
			);
			name = "[CP] Check Pods Manifest.lock";
			outputPaths = (
				"$(DERIVED_FILE_DIR)/Pods-rtf-checkManifestLockResult.txt",
			);
			runOnlyForDeploymentPostprocessing = 0;
			shellPath = /bin/sh;
			shellScript = "diff \"${PODS_PODFILE_DIR_PATH}/Podfile.lock\" \"${PODS_ROOT}/Manifest.lock\" > /dev/null\nif [ $? != 0 ] ; then\n    # print error to STDERR\n    echo \"error: The sandbox is not in sync with the Podfile.lock. Run 'pod install' or update your CocoaPods installation.\" >&2\n    exit 1\nfi\n# This output is used by Xcode 'outputs' to avoid re-running this script phase.\necho \"SUCCESS\" > \"${SCRIPT_OUTPUT_FILE_0}\"\n";
			showEnvVarsInLog = 0;
		};
/* End PBXShellScriptBuildPhase section */

/* Begin PBXSourcesBuildPhase section */
		258D878E23B60F3E00C302A5 /* Sources */ = {
			isa = PBXSourcesBuildPhase;
			buildActionMask = 2147483647;
			files = (
				EA9CF58B23B625EF00C883F4 /* subordinates.reducer.swift in Sources */,
				EA9CF58D23B6260900C883F4 /* teamInfo.reducer.swift in Sources */,
				EA9CF55223B6213800C883F4 /* usersRecent.effect.swift in Sources */,
				EA9CF55D23B6232600C883F4 /* Interceptor.swift in Sources */,
				EA9CF57B23B6251400C883F4 /* usersTeam.actions.swift in Sources */,
				258D879623B60F3E00C302A5 /* AppDelegate.swift in Sources */,
				EA9CF55423B621A100C883F4 /* usersRecent.actions.swift in Sources */,
				EA9CF56523B623C900C883F4 /* message.actions.swift in Sources */,
				EA9CF58F23B6262300C883F4 /* thanks.reducer.swift in Sources */,
				EA9CF59523B6268000C883F4 /* usersHistory.reducer.swift in Sources */,
				258D879823B60F3E00C302A5 /* SceneDelegate.swift in Sources */,
				EA9CF59B23B626DD00C883F4 /* usersTeam.reducer.swift in Sources */,
				EA9CF58123B6256F00C883F4 /* feedbackProps.reducer.swift in Sources */,
				EA9CF58323B6258900C883F4 /* message.reducer.swift in Sources */,
				EA9CF57323B6249C00C883F4 /* usersFavourite.actions.swift in Sources */,
				EA9CF58823B625CE00C883F4 /* statistics.reducer.swift in Sources */,
				EA9CF56123B6239400C883F4 /* comparison.actions.swift in Sources */,
				EA9CF57123B6247D00C883F4 /* usersAll.actions.swift in Sources */,
				EA9CF58623B625B200C883F4 /* requestRating.reducer.swift in Sources */,
				EA9CF57723B624D100C883F4 /* usersInbox.actions.swift in Sources */,
				EA9CF59123B6265100C883F4 /* usersAll.reducer.swift in Sources */,
				EA9CF56323B623AA00C883F4 /* feedbackProps.actions.swift in Sources */,
				EA9CF59923B626C700C883F4 /* usersRequest.reducer.swift in Sources */,
				EA9CF55F23B6237400C883F4 /* boss.actions.swift in Sources */,
				EA9CF57F23B6254C00C883F4 /* comparison.reducers.swift in Sources */,
				3A0FB9C023BB962D00B23CC1 /* Avatar.swift in Sources */,
				EA9CF56F23B6245300C883F4 /* thanks.actions.swift in Sources */,
				EA9CF56723B623E200C883F4 /* requestRating.actions.swift in Sources */,
				EA9CF55623B6221300C883F4 /* usersRecent.reducer.swift in Sources */,
				EA9CF59323B6266700C883F4 /* usersFavourite.reducer.swift in Sources */,
				EA9CF54D23B620E000C883F4 /* store.swift in Sources */,
				EA9CF59723B626A500C883F4 /* usersInbox.reducer.swift in Sources */,
				EA9CF57D23B6252E00C883F4 /* boss.reducer.swift in Sources */,
				EA9CF56D23B6243C00C883F4 /* teamInfo.actions.swift in Sources */,
				EA9CF56B23B6241B00C883F4 /* subordinates.actions.swift in Sources */,
				EA9CF57523B624B700C883F4 /* usersHistory.actions.swift in Sources */,
				EA9CF56923B623FF00C883F4 /* statistics.actions.swift in Sources */,
				EA9CF55A23B622B100C883F4 /* users.reducer.swift in Sources */,
				EA9CF55823B6228400C883F4 /* users.actions.swift in Sources */,
				EA9CF57923B624FA00C883F4 /* usersRequest.actions.swift in Sources */,
				EA9CF59D23B62B0400C883F4 /* ObservableState.swift in Sources */,
				58AAAD2E9341A235B47B5495 /* loginModel.swift in Sources */,
				58AAA4BB3F93FBBB9BBB937E /* StartView.swift in Sources */,
			);
			runOnlyForDeploymentPostprocessing = 0;
		};
/* End PBXSourcesBuildPhase section */

/* Begin PBXVariantGroup section */
		258D87A023B60F4000C302A5 /* LaunchScreen.storyboard */ = {
			isa = PBXVariantGroup;
			children = (
				258D87A123B60F4000C302A5 /* Base */,
			);
			name = LaunchScreen.storyboard;
			sourceTree = "<group>";
		};
/* End PBXVariantGroup section */

/* Begin XCBuildConfiguration section */
		258D87A423B60F4000C302A5 /* Debug */ = {
			isa = XCBuildConfiguration;
			buildSettings = {
				ALWAYS_SEARCH_USER_PATHS = NO;
				CLANG_ANALYZER_NONNULL = YES;
				CLANG_ANALYZER_NUMBER_OBJECT_CONVERSION = YES_AGGRESSIVE;
				CLANG_CXX_LANGUAGE_STANDARD = "gnu++14";
				CLANG_CXX_LIBRARY = "libc++";
				CLANG_ENABLE_MODULES = YES;
				CLANG_ENABLE_OBJC_ARC = YES;
				CLANG_ENABLE_OBJC_WEAK = YES;
				CLANG_WARN_BLOCK_CAPTURE_AUTORELEASING = YES;
				CLANG_WARN_BOOL_CONVERSION = YES;
				CLANG_WARN_COMMA = YES;
				CLANG_WARN_CONSTANT_CONVERSION = YES;
				CLANG_WARN_DEPRECATED_OBJC_IMPLEMENTATIONS = YES;
				CLANG_WARN_DIRECT_OBJC_ISA_USAGE = YES_ERROR;
				CLANG_WARN_DOCUMENTATION_COMMENTS = YES;
				CLANG_WARN_EMPTY_BODY = YES;
				CLANG_WARN_ENUM_CONVERSION = YES;
				CLANG_WARN_INFINITE_RECURSION = YES;
				CLANG_WARN_INT_CONVERSION = YES;
				CLANG_WARN_NON_LITERAL_NULL_CONVERSION = YES;
				CLANG_WARN_OBJC_IMPLICIT_RETAIN_SELF = YES;
				CLANG_WARN_OBJC_LITERAL_CONVERSION = YES;
				CLANG_WARN_OBJC_ROOT_CLASS = YES_ERROR;
				CLANG_WARN_RANGE_LOOP_ANALYSIS = YES;
				CLANG_WARN_STRICT_PROTOTYPES = YES;
				CLANG_WARN_SUSPICIOUS_MOVE = YES;
				CLANG_WARN_UNGUARDED_AVAILABILITY = YES_AGGRESSIVE;
				CLANG_WARN_UNREACHABLE_CODE = YES;
				CLANG_WARN__DUPLICATE_METHOD_MATCH = YES;
				COPY_PHASE_STRIP = NO;
				DEBUG_INFORMATION_FORMAT = dwarf;
				ENABLE_STRICT_OBJC_MSGSEND = YES;
				ENABLE_TESTABILITY = YES;
				GCC_C_LANGUAGE_STANDARD = gnu11;
				GCC_DYNAMIC_NO_PIC = NO;
				GCC_NO_COMMON_BLOCKS = YES;
				GCC_OPTIMIZATION_LEVEL = 0;
				GCC_PREPROCESSOR_DEFINITIONS = (
					"DEBUG=1",
					"$(inherited)",
				);
				GCC_WARN_64_TO_32_BIT_CONVERSION = YES;
				GCC_WARN_ABOUT_RETURN_TYPE = YES_ERROR;
				GCC_WARN_UNDECLARED_SELECTOR = YES;
				GCC_WARN_UNINITIALIZED_AUTOS = YES_AGGRESSIVE;
				GCC_WARN_UNUSED_FUNCTION = YES;
				GCC_WARN_UNUSED_VARIABLE = YES;
				IPHONEOS_DEPLOYMENT_TARGET = 13.2;
				MTL_ENABLE_DEBUG_INFO = INCLUDE_SOURCE;
				MTL_FAST_MATH = YES;
				ONLY_ACTIVE_ARCH = YES;
				SDKROOT = iphoneos;
				SWIFT_ACTIVE_COMPILATION_CONDITIONS = DEBUG;
				SWIFT_OPTIMIZATION_LEVEL = "-Onone";
			};
			name = Debug;
		};
		258D87A523B60F4000C302A5 /* Release */ = {
			isa = XCBuildConfiguration;
			buildSettings = {
				ALWAYS_SEARCH_USER_PATHS = NO;
				CLANG_ANALYZER_NONNULL = YES;
				CLANG_ANALYZER_NUMBER_OBJECT_CONVERSION = YES_AGGRESSIVE;
				CLANG_CXX_LANGUAGE_STANDARD = "gnu++14";
				CLANG_CXX_LIBRARY = "libc++";
				CLANG_ENABLE_MODULES = YES;
				CLANG_ENABLE_OBJC_ARC = YES;
				CLANG_ENABLE_OBJC_WEAK = YES;
				CLANG_WARN_BLOCK_CAPTURE_AUTORELEASING = YES;
				CLANG_WARN_BOOL_CONVERSION = YES;
				CLANG_WARN_COMMA = YES;
				CLANG_WARN_CONSTANT_CONVERSION = YES;
				CLANG_WARN_DEPRECATED_OBJC_IMPLEMENTATIONS = YES;
				CLANG_WARN_DIRECT_OBJC_ISA_USAGE = YES_ERROR;
				CLANG_WARN_DOCUMENTATION_COMMENTS = YES;
				CLANG_WARN_EMPTY_BODY = YES;
				CLANG_WARN_ENUM_CONVERSION = YES;
				CLANG_WARN_INFINITE_RECURSION = YES;
				CLANG_WARN_INT_CONVERSION = YES;
				CLANG_WARN_NON_LITERAL_NULL_CONVERSION = YES;
				CLANG_WARN_OBJC_IMPLICIT_RETAIN_SELF = YES;
				CLANG_WARN_OBJC_LITERAL_CONVERSION = YES;
				CLANG_WARN_OBJC_ROOT_CLASS = YES_ERROR;
				CLANG_WARN_RANGE_LOOP_ANALYSIS = YES;
				CLANG_WARN_STRICT_PROTOTYPES = YES;
				CLANG_WARN_SUSPICIOUS_MOVE = YES;
				CLANG_WARN_UNGUARDED_AVAILABILITY = YES_AGGRESSIVE;
				CLANG_WARN_UNREACHABLE_CODE = YES;
				CLANG_WARN__DUPLICATE_METHOD_MATCH = YES;
				COPY_PHASE_STRIP = NO;
				DEBUG_INFORMATION_FORMAT = "dwarf-with-dsym";
				ENABLE_NS_ASSERTIONS = NO;
				ENABLE_STRICT_OBJC_MSGSEND = YES;
				GCC_C_LANGUAGE_STANDARD = gnu11;
				GCC_NO_COMMON_BLOCKS = YES;
				GCC_WARN_64_TO_32_BIT_CONVERSION = YES;
				GCC_WARN_ABOUT_RETURN_TYPE = YES_ERROR;
				GCC_WARN_UNDECLARED_SELECTOR = YES;
				GCC_WARN_UNINITIALIZED_AUTOS = YES_AGGRESSIVE;
				GCC_WARN_UNUSED_FUNCTION = YES;
				GCC_WARN_UNUSED_VARIABLE = YES;
				IPHONEOS_DEPLOYMENT_TARGET = 13.2;
				MTL_ENABLE_DEBUG_INFO = NO;
				MTL_FAST_MATH = YES;
				SDKROOT = iphoneos;
				SWIFT_COMPILATION_MODE = wholemodule;
				SWIFT_OPTIMIZATION_LEVEL = "-O";
				VALIDATE_PRODUCT = YES;
			};
			name = Release;
		};
		258D87A723B60F4000C302A5 /* Debug */ = {
			isa = XCBuildConfiguration;
			baseConfigurationReference = 18D696D12C601B25F1B48536 /* Pods-rtf.debug.xcconfig */;
			buildSettings = {
				ASSETCATALOG_COMPILER_APPICON_NAME = AppIcon;
				CODE_SIGN_STYLE = Automatic;
				DEVELOPMENT_ASSET_PATHS = "\"rtf/Preview Content\"";
				DEVELOPMENT_TEAM = H9B99NLA3J;
				ENABLE_PREVIEWS = YES;
				INFOPLIST_FILE = rtf/Info.plist;
				LD_RUNPATH_SEARCH_PATHS = (
					"$(inherited)",
					"@executable_path/Frameworks",
				);
				PRODUCT_BUNDLE_IDENTIFIER = team.rtf;
				PRODUCT_NAME = "$(TARGET_NAME)";
				SWIFT_VERSION = 5.0;
				TARGETED_DEVICE_FAMILY = "1,2";
			};
			name = Debug;
		};
		258D87A823B60F4000C302A5 /* Release */ = {
			isa = XCBuildConfiguration;
			baseConfigurationReference = D8D6AA8B6AA3501A5FBB164F /* Pods-rtf.release.xcconfig */;
			buildSettings = {
				ASSETCATALOG_COMPILER_APPICON_NAME = AppIcon;
				CODE_SIGN_STYLE = Automatic;
				DEVELOPMENT_ASSET_PATHS = "\"rtf/Preview Content\"";
				DEVELOPMENT_TEAM = H9B99NLA3J;
				ENABLE_PREVIEWS = YES;
				INFOPLIST_FILE = rtf/Info.plist;
				LD_RUNPATH_SEARCH_PATHS = (
					"$(inherited)",
					"@executable_path/Frameworks",
				);
				PRODUCT_BUNDLE_IDENTIFIER = team.rtf;
				PRODUCT_NAME = "$(TARGET_NAME)";
				SWIFT_VERSION = 5.0;
				TARGETED_DEVICE_FAMILY = "1,2";
			};
			name = Release;
		};
/* End XCBuildConfiguration section */

/* Begin XCConfigurationList section */
		258D878D23B60F3E00C302A5 /* Build configuration list for PBXProject "rtf" */ = {
			isa = XCConfigurationList;
			buildConfigurations = (
				258D87A423B60F4000C302A5 /* Debug */,
				258D87A523B60F4000C302A5 /* Release */,
			);
			defaultConfigurationIsVisible = 0;
			defaultConfigurationName = Release;
		};
		258D87A623B60F4000C302A5 /* Build configuration list for PBXNativeTarget "rtf" */ = {
			isa = XCConfigurationList;
			buildConfigurations = (
				258D87A723B60F4000C302A5 /* Debug */,
				258D87A823B60F4000C302A5 /* Release */,
			);
			defaultConfigurationIsVisible = 0;
			defaultConfigurationName = Release;
		};
/* End XCConfigurationList section */

/* Begin XCRemoteSwiftPackageReference section */
		3A35CD6823BB87FC00730BFE /* XCRemoteSwiftPackageReference "url-image" */ = {
			isa = XCRemoteSwiftPackageReference;
			repositoryURL = "https://github.com/dmytro-anokhin/url-image.git";
			requirement = {
				kind = upToNextMajorVersion;
				minimumVersion = 0.9.9;
			};
		};
/* End XCRemoteSwiftPackageReference section */

/* Begin XCSwiftPackageProductDependency section */
		3A35CD6923BB87FC00730BFE /* URLImage */ = {
			isa = XCSwiftPackageProductDependency;
			package = 3A35CD6823BB87FC00730BFE /* XCRemoteSwiftPackageReference "url-image" */;
			productName = URLImage;
		};
/* End XCSwiftPackageProductDependency section */
	};
	rootObject = 258D878A23B60F3E00C302A5 /* Project object */;
}
